<Solution>
  <Folder Name="/Solution Items/">
    <File Path="compose.yaml" />
  </Folder>
  <Project Path="src/Volunteer.API/Volunteer.API.csproj" />
  <Project Path="src/Volunteer.Application/Volunteer.Application.csproj" />
  <Project Path="src/Volunteer.Domain/Volunteer.Domain.csproj" />
  <Project Path="src/Volunteer.Infrastructure/Volunteer.Infrastructure.csproj" />
</Solution>
